// !$*UTF8*$!
{
	archiveVersion = 1;
	classes = {
	};
	objectVersion = 56;
	objects = {

/* Begin PBXBuildFile section */
		1EBF26252A287D9A007E2D44 /* AppDelegate.swift in Sources */ = {isa = PBXBuildFile; fileRef = 1EBF26242A287D9A007E2D44 /* AppDelegate.swift */; };
		1EBF26272A287D9A007E2D44 /* SceneDelegate.swift in Sources */ = {isa = PBXBuildFile; fileRef = 1EBF26262A287D9A007E2D44 /* SceneDelegate.swift */; };
		1EBF26292A287D9A007E2D44 /* SearchViewController.swift in Sources */ = {isa = PBXBuildFile; fileRef = 1EBF26282A287D9A007E2D44 /* SearchViewController.swift */; };
		1EBF262E2A287D9B007E2D44 /* Assets.xcassets in Resources */ = {isa = PBXBuildFile; fileRef = 1EBF262D2A287D9B007E2D44 /* Assets.xcassets */; };
		1EBF26312A287D9B007E2D44 /* LaunchScreen.storyboard in Resources */ = {isa = PBXBuildFile; fileRef = 1EBF262F2A287D9B007E2D44 /* LaunchScreen.storyboard */; };
		1EBF263C2A287D9B007E2D44 /* NasaSearchAPITests.swift in Sources */ = {isa = PBXBuildFile; fileRef = 1EBF263B2A287D9B007E2D44 /* NasaSearchAPITests.swift */; };
		1EBF26462A287D9B007E2D44 /* NasaSearchAPIUITests.swift in Sources */ = {isa = PBXBuildFile; fileRef = 1EBF26452A287D9B007E2D44 /* NasaSearchAPIUITests.swift */; };
		1EBF26482A287D9B007E2D44 /* NasaSearchAPIUITestsLaunchTests.swift in Sources */ = {isa = PBXBuildFile; fileRef = 1EBF26472A287D9B007E2D44 /* NasaSearchAPIUITestsLaunchTests.swift */; };
		1EBF26572A288148007E2D44 /* SearchViewModel.swift in Sources */ = {isa = PBXBuildFile; fileRef = 1EBF26562A288148007E2D44 /* SearchViewModel.swift */; };
		1EBF26592A28863C007E2D44 /* Network.swift in Sources */ = {isa = PBXBuildFile; fileRef = 1EBF26582A28863C007E2D44 /* Network.swift */; };
		1EBF265A2A28863C007E2D44 /* Network.swift in Sources */ = {isa = PBXBuildFile; fileRef = 1EBF26582A28863C007E2D44 /* Network.swift */; };
		1EBF265C2A289C19007E2D44 /* NASASearchResponse.swift in Sources */ = {isa = PBXBuildFile; fileRef = 1EBF265B2A289C19007E2D44 /* NASASearchResponse.swift */; };
		1EBF265D2A289C19007E2D44 /* NASASearchResponse.swift in Sources */ = {isa = PBXBuildFile; fileRef = 1EBF265B2A289C19007E2D44 /* NASASearchResponse.swift */; };
/* End PBXBuildFile section */

/* Begin PBXContainerItemProxy section */
		1EBF26382A287D9B007E2D44 /* PBXContainerItemProxy */ = {
			isa = PBXContainerItemProxy;
			containerPortal = 1EBF26192A287D9A007E2D44 /* Project object */;
			proxyType = 1;
			remoteGlobalIDString = 1EBF26202A287D9A007E2D44;
			remoteInfo = NasaSearchAPI;
		};
		1EBF26422A287D9B007E2D44 /* PBXContainerItemProxy */ = {
			isa = PBXContainerItemProxy;
			containerPortal = 1EBF26192A287D9A007E2D44 /* Project object */;
			proxyType = 1;
			remoteGlobalIDString = 1EBF26202A287D9A007E2D44;
			remoteInfo = NasaSearchAPI;
		};
/* End PBXContainerItemProxy section */

/* Begin PBXFileReference section */
		1EBF26212A287D9A007E2D44 /* NasaSearchAPI.app */ = {isa = PBXFileReference; explicitFileType = wrapper.application; includeInIndex = 0; path = NasaSearchAPI.app; sourceTree = BUILT_PRODUCTS_DIR; };
		1EBF26242A287D9A007E2D44 /* AppDelegate.swift */ = {isa = PBXFileReference; lastKnownFileType = sourcecode.swift; path = AppDelegate.swift; sourceTree = "<group>"; };
		1EBF26262A287D9A007E2D44 /* SceneDelegate.swift */ = {isa = PBXFileReference; lastKnownFileType = sourcecode.swift; path = SceneDelegate.swift; sourceTree = "<group>"; };
		1EBF26282A287D9A007E2D44 /* SearchViewController.swift */ = {isa = PBXFileReference; lastKnownFileType = sourcecode.swift; path = SearchViewController.swift; sourceTree = "<group>"; };
		1EBF262D2A287D9B007E2D44 /* Assets.xcassets */ = {isa = PBXFileReference; lastKnownFileType = folder.assetcatalog; path = Assets.xcassets; sourceTree = "<group>"; };
		1EBF26302A287D9B007E2D44 /* Base */ = {isa = PBXFileReference; lastKnownFileType = file.storyboard; name = Base; path = Base.lproj/LaunchScreen.storyboard; sourceTree = "<group>"; };
		1EBF26322A287D9B007E2D44 /* Info.plist */ = {isa = PBXFileReference; lastKnownFileType = text.plist.xml; path = Info.plist; sourceTree = "<group>"; };
		1EBF26372A287D9B007E2D44 /* NasaSearchAPITests.xctest */ = {isa = PBXFileReference; explicitFileType = wrapper.cfbundle; includeInIndex = 0; path = NasaSearchAPITests.xctest; sourceTree = BUILT_PRODUCTS_DIR; };
		1EBF263B2A287D9B007E2D44 /* NasaSearchAPITests.swift */ = {isa = PBXFileReference; lastKnownFileType = sourcecode.swift; path = NasaSearchAPITests.swift; sourceTree = "<group>"; };
		1EBF26412A287D9B007E2D44 /* NasaSearchAPIUITests.xctest */ = {isa = PBXFileReference; explicitFileType = wrapper.cfbundle; includeInIndex = 0; path = NasaSearchAPIUITests.xctest; sourceTree = BUILT_PRODUCTS_DIR; };
		1EBF26452A287D9B007E2D44 /* NasaSearchAPIUITests.swift */ = {isa = PBXFileReference; lastKnownFileType = sourcecode.swift; path = NasaSearchAPIUITests.swift; sourceTree = "<group>"; };
		1EBF26472A287D9B007E2D44 /* NasaSearchAPIUITestsLaunchTests.swift */ = {isa = PBXFileReference; lastKnownFileType = sourcecode.swift; path = NasaSearchAPIUITestsLaunchTests.swift; sourceTree = "<group>"; };
		1EBF26562A288148007E2D44 /* SearchViewModel.swift */ = {isa = PBXFileReference; lastKnownFileType = sourcecode.swift; path = SearchViewModel.swift; sourceTree = "<group>"; };
		1EBF26582A28863C007E2D44 /* Network.swift */ = {isa = PBXFileReference; lastKnownFileType = sourcecode.swift; path = Network.swift; sourceTree = "<group>"; };
		1EBF265B2A289C19007E2D44 /* NASASearchResponse.swift */ = {isa = PBXFileReference; lastKnownFileType = sourcecode.swift; path = NASASearchResponse.swift; sourceTree = "<group>"; };
/* End PBXFileReference section */

/* Begin PBXFrameworksBuildPhase section */
		1EBF261E2A287D9A007E2D44 /* Frameworks */ = {
			isa = PBXFrameworksBuildPhase;
			buildActionMask = 2147483647;
			files = (
			);
			runOnlyForDeploymentPostprocessing = 0;
		};
		1EBF26342A287D9B007E2D44 /* Frameworks */ = {
			isa = PBXFrameworksBuildPhase;
			buildActionMask = 2147483647;
			files = (
			);
			runOnlyForDeploymentPostprocessing = 0;
		};
		1EBF263E2A287D9B007E2D44 /* Frameworks */ = {
			isa = PBXFrameworksBuildPhase;
			buildActionMask = 2147483647;
			files = (
			);
			runOnlyForDeploymentPostprocessing = 0;
		};
/* End PBXFrameworksBuildPhase section */

/* Begin PBXGroup section */
		1EBF26182A287D9A007E2D44 = {
			isa = PBXGroup;
			children = (
				1EBF26232A287D9A007E2D44 /* NasaSearchAPI */,
				1EBF263A2A287D9B007E2D44 /* NasaSearchAPITests */,
				1EBF26442A287D9B007E2D44 /* NasaSearchAPIUITests */,
				1EBF26222A287D9A007E2D44 /* Products */,
			);
			sourceTree = "<group>";
		};
		1EBF26222A287D9A007E2D44 /* Products */ = {
			isa = PBXGroup;
			children = (
				1EBF26212A287D9A007E2D44 /* NasaSearchAPI.app */,
				1EBF26372A287D9B007E2D44 /* NasaSearchAPITests.xctest */,
				1EBF26412A287D9B007E2D44 /* NasaSearchAPIUITests.xctest */,
			);
			name = Products;
			sourceTree = "<group>";
		};
		1EBF26232A287D9A007E2D44 /* NasaSearchAPI */ = {
			isa = PBXGroup;
			children = (
				1EBF26552A2880AC007E2D44 /* Model */,
				1EBF26542A2880A6007E2D44 /* View */,
				1EBF26242A287D9A007E2D44 /* AppDelegate.swift */,
				1EBF26262A287D9A007E2D44 /* SceneDelegate.swift */,
				1EBF262D2A287D9B007E2D44 /* Assets.xcassets */,
				1EBF262F2A287D9B007E2D44 /* LaunchScreen.storyboard */,
				1EBF26322A287D9B007E2D44 /* Info.plist */,
			);
			path = NasaSearchAPI;
			sourceTree = "<group>";
		};
		1EBF263A2A287D9B007E2D44 /* NasaSearchAPITests */ = {
			isa = PBXGroup;
			children = (
				1EBF263B2A287D9B007E2D44 /* NasaSearchAPITests.swift */,
			);
			path = NasaSearchAPITests;
			sourceTree = "<group>";
		};
		1EBF26442A287D9B007E2D44 /* NasaSearchAPIUITests */ = {
			isa = PBXGroup;
			children = (
				1EBF26452A287D9B007E2D44 /* NasaSearchAPIUITests.swift */,
				1EBF26472A287D9B007E2D44 /* NasaSearchAPIUITestsLaunchTests.swift */,
			);
			path = NasaSearchAPIUITests;
			sourceTree = "<group>";
		};
		1EBF26542A2880A6007E2D44 /* View */ = {
			isa = PBXGroup;
			children = (
				1EBF26282A287D9A007E2D44 /* SearchViewController.swift */,
			);
			path = View;
			sourceTree = "<group>";
		};
		1EBF26552A2880AC007E2D44 /* Model */ = {
			isa = PBXGroup;
			children = (
				1EBF26562A288148007E2D44 /* SearchViewModel.swift */,
				1EBF26582A28863C007E2D44 /* Network.swift */,
				1EBF265B2A289C19007E2D44 /* NASASearchResponse.swift */,
			);
			path = Model;
			sourceTree = "<group>";
		};
/* End PBXGroup section */

/* Begin PBXNativeTarget section */
		1EBF26202A287D9A007E2D44 /* NasaSearchAPI */ = {
			isa = PBXNativeTarget;
			buildConfigurationList = 1EBF264B2A287D9B007E2D44 /* Build configuration list for PBXNativeTarget "NasaSearchAPI" */;
			buildPhases = (
				1EBF261D2A287D9A007E2D44 /* Sources */,
				1EBF261E2A287D9A007E2D44 /* Frameworks */,
				1EBF261F2A287D9A007E2D44 /* Resources */,
			);
			buildRules = (
			);
			dependencies = (
			);
			name = NasaSearchAPI;
			productName = NasaSearchAPI;
			productReference = 1EBF26212A287D9A007E2D44 /* NasaSearchAPI.app */;
			productType = "com.apple.product-type.application";
		};
		1EBF26362A287D9B007E2D44 /* NasaSearchAPITests */ = {
			isa = PBXNativeTarget;
			buildConfigurationList = 1EBF264E2A287D9B007E2D44 /* Build configuration list for PBXNativeTarget "NasaSearchAPITests" */;
			buildPhases = (
				1EBF26332A287D9B007E2D44 /* Sources */,
				1EBF26342A287D9B007E2D44 /* Frameworks */,
				1EBF26352A287D9B007E2D44 /* Resources */,
			);
			buildRules = (
			);
			dependencies = (
				1EBF26392A287D9B007E2D44 /* PBXTargetDependency */,
			);
			name = NasaSearchAPITests;
			productName = NasaSearchAPITests;
			productReference = 1EBF26372A287D9B007E2D44 /* NasaSearchAPITests.xctest */;
			productType = "com.apple.product-type.bundle.unit-test";
		};
		1EBF26402A287D9B007E2D44 /* NasaSearchAPIUITests */ = {
			isa = PBXNativeTarget;
			buildConfigurationList = 1EBF26512A287D9B007E2D44 /* Build configuration list for PBXNativeTarget "NasaSearchAPIUITests" */;
			buildPhases = (
				1EBF263D2A287D9B007E2D44 /* Sources */,
				1EBF263E2A287D9B007E2D44 /* Frameworks */,
				1EBF263F2A287D9B007E2D44 /* Resources */,
			);
			buildRules = (
			);
			dependencies = (
				1EBF26432A287D9B007E2D44 /* PBXTargetDependency */,
			);
			name = NasaSearchAPIUITests;
			productName = NasaSearchAPIUITests;
			productReference = 1EBF26412A287D9B007E2D44 /* NasaSearchAPIUITests.xctest */;
			productType = "com.apple.product-type.bundle.ui-testing";
		};
/* End PBXNativeTarget section */

/* Begin PBXProject section */
		1EBF26192A287D9A007E2D44 /* Project object */ = {
			isa = PBXProject;
			attributes = {
				BuildIndependentTargetsInParallel = 1;
				LastSwiftUpdateCheck = 1430;
				LastUpgradeCheck = 1430;
				TargetAttributes = {
					1EBF26202A287D9A007E2D44 = {
						CreatedOnToolsVersion = 14.3;
					};
					1EBF26362A287D9B007E2D44 = {
						CreatedOnToolsVersion = 14.3;
						TestTargetID = 1EBF26202A287D9A007E2D44;
					};
					1EBF26402A287D9B007E2D44 = {
						CreatedOnToolsVersion = 14.3;
						TestTargetID = 1EBF26202A287D9A007E2D44;
					};
				};
			};
			buildConfigurationList = 1EBF261C2A287D9A007E2D44 /* Build configuration list for PBXProject "NasaSearchAPI" */;
			compatibilityVersion = "Xcode 14.0";
			developmentRegion = en;
			hasScannedForEncodings = 0;
			knownRegions = (
				en,
				Base,
			);
			mainGroup = 1EBF26182A287D9A007E2D44;
			productRefGroup = 1EBF26222A287D9A007E2D44 /* Products */;
			projectDirPath = "";
			projectRoot = "";
			targets = (
				1EBF26202A287D9A007E2D44 /* NasaSearchAPI */,
				1EBF26362A287D9B007E2D44 /* NasaSearchAPITests */,
				1EBF26402A287D9B007E2D44 /* NasaSearchAPIUITests */,
			);
		};
/* End PBXProject section */

/* Begin PBXResourcesBuildPhase section */
		1EBF261F2A287D9A007E2D44 /* Resources */ = {
			isa = PBXResourcesBuildPhase;
			buildActionMask = 2147483647;
			files = (
				1EBF26312A287D9B007E2D44 /* LaunchScreen.storyboard in Resources */,
				1EBF262E2A287D9B007E2D44 /* Assets.xcassets in Resources */,
			);
			runOnlyForDeploymentPostprocessing = 0;
		};
		1EBF26352A287D9B007E2D44 /* Resources */ = {
			isa = PBXResourcesBuildPhase;
			buildActionMask = 2147483647;
			files = (
			);
			runOnlyForDeploymentPostprocessing = 0;
		};
		1EBF263F2A287D9B007E2D44 /* Resources */ = {
			isa = PBXResourcesBuildPhase;
			buildActionMask = 2147483647;
			files = (
			);
			runOnlyForDeploymentPostprocessing = 0;
		};
/* End PBXResourcesBuildPhase section */

/* Begin PBXSourcesBuildPhase section */
		1EBF261D2A287D9A007E2D44 /* Sources */ = {
			isa = PBXSourcesBuildPhase;
			buildActionMask = 2147483647;
			files = (
				1EBF26592A28863C007E2D44 /* Network.swift in Sources */,
				1EBF26292A287D9A007E2D44 /* SearchViewController.swift in Sources */,
				1EBF26252A287D9A007E2D44 /* AppDelegate.swift in Sources */,
				1EBF265C2A289C19007E2D44 /* NASASearchResponse.swift in Sources */,
				1EBF26572A288148007E2D44 /* SearchViewModel.swift in Sources */,
				1EBF26272A287D9A007E2D44 /* SceneDelegate.swift in Sources */,
			);
			runOnlyForDeploymentPostprocessing = 0;
		};
		1EBF26332A287D9B007E2D44 /* Sources */ = {
			isa = PBXSourcesBuildPhase;
			buildActionMask = 2147483647;
			files = (
				1EBF265D2A289C19007E2D44 /* NASASearchResponse.swift in Sources */,
				1EBF265A2A28863C007E2D44 /* Network.swift in Sources */,
				1EBF263C2A287D9B007E2D44 /* NasaSearchAPITests.swift in Sources */,
			);
			runOnlyForDeploymentPostprocessing = 0;
		};
		1EBF263D2A287D9B007E2D44 /* Sources */ = {
			isa = PBXSourcesBuildPhase;
			buildActionMask = 2147483647;
			files = (
				1EBF26482A287D9B007E2D44 /* NasaSearchAPIUITestsLaunchTests.swift in Sources */,
				1EBF26462A287D9B007E2D44 /* NasaSearchAPIUITests.swift in Sources */,
			);
			runOnlyForDeploymentPostprocessing = 0;
		};
/* End PBXSourcesBuildPhase section */

/* Begin PBXTargetDependency section */
		1EBF26392A287D9B007E2D44 /* PBXTargetDependency */ = {
			isa = PBXTargetDependency;
			target = 1EBF26202A287D9A007E2D44 /* NasaSearchAPI */;
			targetProxy = 1EBF26382A287D9B007E2D44 /* PBXContainerItemProxy */;
		};
		1EBF26432A287D9B007E2D44 /* PBXTargetDependency */ = {
			isa = PBXTargetDependency;
			target = 1EBF26202A287D9A007E2D44 /* NasaSearchAPI */;
			targetProxy = 1EBF26422A287D9B007E2D44 /* PBXContainerItemProxy */;
		};
/* End PBXTargetDependency section */

/* Begin PBXVariantGroup section */
		1EBF262F2A287D9B007E2D44 /* LaunchScreen.storyboard */ = {
			isa = PBXVariantGroup;
			children = (
				1EBF26302A287D9B007E2D44 /* Base */,
			);
			name = LaunchScreen.storyboard;
			sourceTree = "<group>";
		};
/* End PBXVariantGroup section */

/* Begin XCBuildConfiguration section */
		1EBF26492A287D9B007E2D44 /* Debug */ = {
			isa = XCBuildConfiguration;
			buildSettings = {
				ALWAYS_SEARCH_USER_PATHS = NO;
				CLANG_ANALYZER_NONNULL = YES;
				CLANG_ANALYZER_NUMBER_OBJECT_CONVERSION = YES_AGGRESSIVE;
				CLANG_CXX_LANGUAGE_STANDARD = "gnu++20";
				CLANG_ENABLE_MODULES = YES;
				CLANG_ENABLE_OBJC_ARC = YES;
				CLANG_ENABLE_OBJC_WEAK = YES;
				CLANG_WARN_BLOCK_CAPTURE_AUTORELEASING = YES;
				CLANG_WARN_BOOL_CONVERSION = YES;
				CLANG_WARN_COMMA = YES;
				CLANG_WARN_CONSTANT_CONVERSION = YES;
				CLANG_WARN_DEPRECATED_OBJC_IMPLEMENTATIONS = YES;
				CLANG_WARN_DIRECT_OBJC_ISA_USAGE = YES_ERROR;
				CLANG_WARN_DOCUMENTATION_COMMENTS = YES;
				CLANG_WARN_EMPTY_BODY = YES;
				CLANG_WARN_ENUM_CONVERSION = YES;
				CLANG_WARN_INFINITE_RECURSION = YES;
				CLANG_WARN_INT_CONVERSION = YES;
				CLANG_WARN_NON_LITERAL_NULL_CONVERSION = YES;
				CLANG_WARN_OBJC_IMPLICIT_RETAIN_SELF = YES;
				CLANG_WARN_OBJC_LITERAL_CONVERSION = YES;
				CLANG_WARN_OBJC_ROOT_CLASS = YES_ERROR;
				CLANG_WARN_QUOTED_INCLUDE_IN_FRAMEWORK_HEADER = YES;
				CLANG_WARN_RANGE_LOOP_ANALYSIS = YES;
				CLANG_WARN_STRICT_PROTOTYPES = YES;
				CLANG_WARN_SUSPICIOUS_MOVE = YES;
				CLANG_WARN_UNGUARDED_AVAILABILITY = YES_AGGRESSIVE;
				CLANG_WARN_UNREACHABLE_CODE = YES;
				CLANG_WARN__DUPLICATE_METHOD_MATCH = YES;
				COPY_PHASE_STRIP = NO;
				DEBUG_INFORMATION_FORMAT = dwarf;
				ENABLE_STRICT_OBJC_MSGSEND = YES;
				ENABLE_TESTABILITY = YES;
				GCC_C_LANGUAGE_STANDARD = gnu11;
				GCC_DYNAMIC_NO_PIC = NO;
				GCC_NO_COMMON_BLOCKS = YES;
				GCC_OPTIMIZATION_LEVEL = 0;
				GCC_PREPROCESSOR_DEFINITIONS = (
					"DEBUG=1",
					"$(inherited)",
				);
				GCC_WARN_64_TO_32_BIT_CONVERSION = YES;
				GCC_WARN_ABOUT_RETURN_TYPE = YES_ERROR;
				GCC_WARN_UNDECLARED_SELECTOR = YES;
				GCC_WARN_UNINITIALIZED_AUTOS = YES_AGGRESSIVE;
				GCC_WARN_UNUSED_FUNCTION = YES;
				GCC_WARN_UNUSED_VARIABLE = YES;
				IPHONEOS_DEPLOYMENT_TARGET = 16.4;
				MTL_ENABLE_DEBUG_INFO = INCLUDE_SOURCE;
				MTL_FAST_MATH = YES;
				ONLY_ACTIVE_ARCH = YES;
				SDKROOT = iphoneos;
				SWIFT_ACTIVE_COMPILATION_CONDITIONS = DEBUG;
				SWIFT_OPTIMIZATION_LEVEL = "-Onone";
			};
			name = Debug;
		};
		1EBF264A2A287D9B007E2D44 /* Release */ = {
			isa = XCBuildConfiguration;
			buildSettings = {
				ALWAYS_SEARCH_USER_PATHS = NO;
				CLANG_ANALYZER_NONNULL = YES;
				CLANG_ANALYZER_NUMBER_OBJECT_CONVERSION = YES_AGGRESSIVE;
				CLANG_CXX_LANGUAGE_STANDARD = "gnu++20";
				CLANG_ENABLE_MODULES = YES;
				CLANG_ENABLE_OBJC_ARC = YES;
				CLANG_ENABLE_OBJC_WEAK = YES;
				CLANG_WARN_BLOCK_CAPTURE_AUTORELEASING = YES;
				CLANG_WARN_BOOL_CONVERSION = YES;
				CLANG_WARN_COMMA = YES;
				CLANG_WARN_CONSTANT_CONVERSION = YES;
				CLANG_WARN_DEPRECATED_OBJC_IMPLEMENTATIONS = YES;
				CLANG_WARN_DIRECT_OBJC_ISA_USAGE = YES_ERROR;
				CLANG_WARN_DOCUMENTATION_COMMENTS = YES;
				CLANG_WARN_EMPTY_BODY = YES;
				CLANG_WARN_ENUM_CONVERSION = YES;
				CLANG_WARN_INFINITE_RECURSION = YES;
				CLANG_WARN_INT_CONVERSION = YES;
				CLANG_WARN_NON_LITERAL_NULL_CONVERSION = YES;
				CLANG_WARN_OBJC_IMPLICIT_RETAIN_SELF = YES;
				CLANG_WARN_OBJC_LITERAL_CONVERSION = YES;
				CLANG_WARN_OBJC_ROOT_CLASS = YES_ERROR;
				CLANG_WARN_QUOTED_INCLUDE_IN_FRAMEWORK_HEADER = YES;
				CLANG_WARN_RANGE_LOOP_ANALYSIS = YES;
				CLANG_WARN_STRICT_PROTOTYPES = YES;
				CLANG_WARN_SUSPICIOUS_MOVE = YES;
				CLANG_WARN_UNGUARDED_AVAILABILITY = YES_AGGRESSIVE;
				CLANG_WARN_UNREACHABLE_CODE = YES;
				CLANG_WARN__DUPLICATE_METHOD_MATCH = YES;
				COPY_PHASE_STRIP = NO;
				DEBUG_INFORMATION_FORMAT = "dwarf-with-dsym";
				ENABLE_NS_ASSERTIONS = NO;
				ENABLE_STRICT_OBJC_MSGSEND = YES;
				GCC_C_LANGUAGE_STANDARD = gnu11;
				GCC_NO_COMMON_BLOCKS = YES;
				GCC_WARN_64_TO_32_BIT_CONVERSION = YES;
				GCC_WARN_ABOUT_RETURN_TYPE = YES_ERROR;
				GCC_WARN_UNDECLARED_SELECTOR = YES;
				GCC_WARN_UNINITIALIZED_AUTOS = YES_AGGRESSIVE;
				GCC_WARN_UNUSED_FUNCTION = YES;
				GCC_WARN_UNUSED_VARIABLE = YES;
				IPHONEOS_DEPLOYMENT_TARGET = 16.4;
				MTL_ENABLE_DEBUG_INFO = NO;
				MTL_FAST_MATH = YES;
				SDKROOT = iphoneos;
				SWIFT_COMPILATION_MODE = wholemodule;
				SWIFT_OPTIMIZATION_LEVEL = "-O";
				VALIDATE_PRODUCT = YES;
			};
			name = Release;
		};
		1EBF264C2A287D9B007E2D44 /* Debug */ = {
			isa = XCBuildConfiguration;
			buildSettings = {
				ASSETCATALOG_COMPILER_APPICON_NAME = AppIcon;
				ASSETCATALOG_COMPILER_GLOBAL_ACCENT_COLOR_NAME = AccentColor;
				CODE_SIGN_STYLE = Automatic;
				CURRENT_PROJECT_VERSION = 1;
				DEVELOPMENT_TEAM = FTMC23LTVL;
				GENERATE_INFOPLIST_FILE = YES;
				INFOPLIST_FILE = NasaSearchAPI/Info.plist;
				INFOPLIST_KEY_UIApplicationSupportsIndirectInputEvents = YES;
				INFOPLIST_KEY_UILaunchStoryboardName = LaunchScreen;
				INFOPLIST_KEY_UISupportedInterfaceOrientations_iPad = "UIInterfaceOrientationPortrait UIInterfaceOrientationPortraitUpsideDown UIInterfaceOrientationLandscapeLeft UIInterfaceOrientationLandscapeRight";
				INFOPLIST_KEY_UISupportedInterfaceOrientations_iPhone = "UIInterfaceOrientationPortrait UIInterfaceOrientationLandscapeLeft UIInterfaceOrientationLandscapeRight";
				LD_RUNPATH_SEARCH_PATHS = (
					"$(inherited)",
					"@executable_path/Frameworks",
				);
				MARKETING_VERSION = 1.0;
				PRODUCT_BUNDLE_IDENTIFIER = com.noisederived.NasaSearchAPI;
				PRODUCT_NAME = "$(TARGET_NAME)";
				SWIFT_EMIT_LOC_STRINGS = YES;
				SWIFT_VERSION = 5.0;
				TARGETED_DEVICE_FAMILY = "1,2";
			};
			name = Debug;
		};
		1EBF264D2A287D9B007E2D44 /* Release */ = {
			isa = XCBuildConfiguration;
			buildSettings = {
				ASSETCATALOG_COMPILER_APPICON_NAME = AppIcon;
				ASSETCATALOG_COMPILER_GLOBAL_ACCENT_COLOR_NAME = AccentColor;
				CODE_SIGN_STYLE = Automatic;
				CURRENT_PROJECT_VERSION = 1;
				DEVELOPMENT_TEAM = FTMC23LTVL;
				GENERATE_INFOPLIST_FILE = YES;
				INFOPLIST_FILE = NasaSearchAPI/Info.plist;
				INFOPLIST_KEY_UIApplicationSupportsIndirectInputEvents = YES;
				INFOPLIST_KEY_UILaunchStoryboardName = LaunchScreen;
				INFOPLIST_KEY_UISupportedInterfaceOrientations_iPad = "UIInterfaceOrientationPortrait UIInterfaceOrientationPortraitUpsideDown UIInterfaceOrientationLandscapeLeft UIInterfaceOrientationLandscapeRight";
				INFOPLIST_KEY_UISupportedInterfaceOrientations_iPhone = "UIInterfaceOrientationPortrait UIInterfaceOrientationLandscapeLeft UIInterfaceOrientationLandscapeRight";
				LD_RUNPATH_SEARCH_PATHS = (
					"$(inherited)",
					"@executable_path/Frameworks",
				);
				MARKETING_VERSION = 1.0;
				PRODUCT_BUNDLE_IDENTIFIER = com.noisederived.NasaSearchAPI;
				PRODUCT_NAME = "$(TARGET_NAME)";
				SWIFT_EMIT_LOC_STRINGS = YES;
				SWIFT_VERSION = 5.0;
				TARGETED_DEVICE_FAMILY = "1,2";
			};
			name = Release;
		};
		1EBF264F2A287D9B007E2D44 /* Debug */ = {
			isa = XCBuildConfiguration;
			buildSettings = {
				ALWAYS_EMBED_SWIFT_STANDARD_LIBRARIES = YES;
				BUNDLE_LOADER = "$(TEST_HOST)";
				CODE_SIGN_STYLE = Automatic;
				CURRENT_PROJECT_VERSION = 1;
				DEVELOPMENT_TEAM = FTMC23LTVL;
				GENERATE_INFOPLIST_FILE = YES;
				IPHONEOS_DEPLOYMENT_TARGET = 16.4;
				MARKETING_VERSION = 1.0;
				PRODUCT_BUNDLE_IDENTIFIER = com.noisederived.NasaSearchAPITests;
				PRODUCT_NAME = "$(TARGET_NAME)";
				SWIFT_EMIT_LOC_STRINGS = NO;
				SWIFT_VERSION = 5.0;
				TARGETED_DEVICE_FAMILY = "1,2";
				TEST_HOST = "$(BUILT_PRODUCTS_DIR)/NasaSearchAPI.app/$(BUNDLE_EXECUTABLE_FOLDER_PATH)/NasaSearchAPI";
			};
			name = Debug;
		};
		1EBF26502A287D9B007E2D44 /* Release */ = {
			isa = XCBuildConfiguration;
			buildSettings = {
				ALWAYS_EMBED_SWIFT_STANDARD_LIBRARIES = YES;
				BUNDLE_LOADER = "$(TEST_HOST)";
				CODE_SIGN_STYLE = Automatic;
				CURRENT_PROJECT_VERSION = 1;
				DEVELOPMENT_TEAM = FTMC23LTVL;
				GENERATE_INFOPLIST_FILE = YES;
				IPHONEOS_DEPLOYMENT_TARGET = 16.4;
				MARKETING_VERSION = 1.0;
				PRODUCT_BUNDLE_IDENTIFIER = com.noisederived.NasaSearchAPITests;
				PRODUCT_NAME = "$(TARGET_NAME)";
				SWIFT_EMIT_LOC_STRINGS = NO;
				SWIFT_VERSION = 5.0;
				TARGETED_DEVICE_FAMILY = "1,2";
				TEST_HOST = "$(BUILT_PRODUCTS_DIR)/NasaSearchAPI.app/$(BUNDLE_EXECUTABLE_FOLDER_PATH)/NasaSearchAPI";
			};
			name = Release;
		};
		1EBF26522A287D9B007E2D44 /* Debug */ = {
			isa = XCBuildConfiguration;
			buildSettings = {
				ALWAYS_EMBED_SWIFT_STANDARD_LIBRARIES = YES;
				CODE_SIGN_STYLE = Automatic;
				CURRENT_PROJECT_VERSION = 1;
				DEVELOPMENT_TEAM = FTMC23LTVL;
				GENERATE_INFOPLIST_FILE = YES;
				MARKETING_VERSION = 1.0;
				PRODUCT_BUNDLE_IDENTIFIER = com.noisederived.NasaSearchAPIUITests;
				PRODUCT_NAME = "$(TARGET_NAME)";
				SWIFT_EMIT_LOC_STRINGS = NO;
				SWIFT_VERSION = 5.0;
				TARGETED_DEVICE_FAMILY = "1,2";
				TEST_TARGET_NAME = NasaSearchAPI;
			};
			name = Debug;
		};
		1EBF26532A287D9B007E2D44 /* Release */ = {
			isa = XCBuildConfiguration;
			buildSettings = {
				ALWAYS_EMBED_SWIFT_STANDARD_LIBRARIES = YES;
				CODE_SIGN_STYLE = Automatic;
				CURRENT_PROJECT_VERSION = 1;
				DEVELOPMENT_TEAM = FTMC23LTVL;
				GENERATE_INFOPLIST_FILE = YES;
				MARKETING_VERSION = 1.0;
				PRODUCT_BUNDLE_IDENTIFIER = com.noisederived.NasaSearchAPIUITests;
				PRODUCT_NAME = "$(TARGET_NAME)";
				SWIFT_EMIT_LOC_STRINGS = NO;
				SWIFT_VERSION = 5.0;
				TARGETED_DEVICE_FAMILY = "1,2";
				TEST_TARGET_NAME = NasaSearchAPI;
			};
			name = Release;
		};
/* End XCBuildConfiguration section */

/* Begin XCConfigurationList section */
		1EBF261C2A287D9A007E2D44 /* Build configuration list for PBXProject "NasaSearchAPI" */ = {
			isa = XCConfigurationList;
			buildConfigurations = (
				1EBF26492A287D9B007E2D44 /* Debug */,
				1EBF264A2A287D9B007E2D44 /* Release */,
			);
			defaultConfigurationIsVisible = 0;
			defaultConfigurationName = Release;
		};
		1EBF264B2A287D9B007E2D44 /* Build configuration list for PBXNativeTarget "NasaSearchAPI" */ = {
			isa = XCConfigurationList;
			buildConfigurations = (
				1EBF264C2A287D9B007E2D44 /* Debug */,
				1EBF264D2A287D9B007E2D44 /* Release */,
			);
			defaultConfigurationIsVisible = 0;
			defaultConfigurationName = Release;
		};
		1EBF264E2A287D9B007E2D44 /* Build configuration list for PBXNativeTarget "NasaSearchAPITests" */ = {
			isa = XCConfigurationList;
			buildConfigurations = (
				1EBF264F2A287D9B007E2D44 /* Debug */,
				1EBF26502A287D9B007E2D44 /* Release */,
			);
			defaultConfigurationIsVisible = 0;
			defaultConfigurationName = Release;
		};
		1EBF26512A287D9B007E2D44 /* Build configuration list for PBXNativeTarget "NasaSearchAPIUITests" */ = {
			isa = XCConfigurationList;
			buildConfigurations = (
				1EBF26522A287D9B007E2D44 /* Debug */,
				1EBF26532A287D9B007E2D44 /* Release */,
			);
			defaultConfigurationIsVisible = 0;
			defaultConfigurationName = Release;
		};
/* End XCConfigurationList section */
	};
	rootObject = 1EBF26192A287D9A007E2D44 /* Project object */;
}
